// !$*UTF8*$!
{
	archiveVersion = 1;
	classes = {
	};
	objectVersion = 50;
	objects = {

/* Begin PBXBuildFile section */
		D0A187BA2571939D00C5BA23 /* AppDelegate.swift in Sources */ = {isa = PBXBuildFile; fileRef = D0A187B92571939D00C5BA23 /* AppDelegate.swift */; };
		D0A187BC2571939D00C5BA23 /* SceneDelegate.swift in Sources */ = {isa = PBXBuildFile; fileRef = D0A187BB2571939D00C5BA23 /* SceneDelegate.swift */; };
		D0A187BE2571939D00C5BA23 /* ContentView.swift in Sources */ = {isa = PBXBuildFile; fileRef = D0A187BD2571939D00C5BA23 /* ContentView.swift */; };
		D0A187C02571939E00C5BA23 /* Assets.xcassets in Resources */ = {isa = PBXBuildFile; fileRef = D0A187BF2571939E00C5BA23 /* Assets.xcassets */; };
		D0A187C32571939E00C5BA23 /* Preview Assets.xcassets in Resources */ = {isa = PBXBuildFile; fileRef = D0A187C22571939E00C5BA23 /* Preview Assets.xcassets */; };
		D0A187C62571939E00C5BA23 /* LaunchScreen.storyboard in Resources */ = {isa = PBXBuildFile; fileRef = D0A187C42571939E00C5BA23 /* LaunchScreen.storyboard */; };
		D0A187CF2571A45F00C5BA23 /* LineChart.swift in Sources */ = {isa = PBXBuildFile; fileRef = D0A187CE2571A45F00C5BA23 /* LineChart.swift */; };
		D0A187D22571A55D00C5BA23 /* LineChartController.swift in Sources */ = {isa = PBXBuildFile; fileRef = D0A187D12571A55D00C5BA23 /* LineChartController.swift */; };
		D0A187DA257248D900C5BA23 /* LoginView.swift in Sources */ = {isa = PBXBuildFile; fileRef = D0A187D9257248D900C5BA23 /* LoginView.swift */; };
/* End PBXBuildFile section */

/* Begin PBXFileReference section */
		D0A187B62571939D00C5BA23 /* Crypto.app */ = {isa = PBXFileReference; explicitFileType = wrapper.application; includeInIndex = 0; path = Crypto.app; sourceTree = BUILT_PRODUCTS_DIR; };
		D0A187B92571939D00C5BA23 /* AppDelegate.swift */ = {isa = PBXFileReference; lastKnownFileType = sourcecode.swift; path = AppDelegate.swift; sourceTree = "<group>"; };
		D0A187BB2571939D00C5BA23 /* SceneDelegate.swift */ = {isa = PBXFileReference; lastKnownFileType = sourcecode.swift; path = SceneDelegate.swift; sourceTree = "<group>"; };
		D0A187BD2571939D00C5BA23 /* ContentView.swift */ = {isa = PBXFileReference; lastKnownFileType = sourcecode.swift; path = ContentView.swift; sourceTree = "<group>"; };
		D0A187BF2571939E00C5BA23 /* Assets.xcassets */ = {isa = PBXFileReference; lastKnownFileType = folder.assetcatalog; path = Assets.xcassets; sourceTree = "<group>"; };
		D0A187C22571939E00C5BA23 /* Preview Assets.xcassets */ = {isa = PBXFileReference; lastKnownFileType = folder.assetcatalog; path = "Preview Assets.xcassets"; sourceTree = "<group>"; };
		D0A187C52571939E00C5BA23 /* Base */ = {isa = PBXFileReference; lastKnownFileType = file.storyboard; name = Base; path = Base.lproj/LaunchScreen.storyboard; sourceTree = "<group>"; };
		D0A187C72571939E00C5BA23 /* Info.plist */ = {isa = PBXFileReference; lastKnownFileType = text.plist.xml; path = Info.plist; sourceTree = "<group>"; };
		D0A187CE2571A45F00C5BA23 /* LineChart.swift */ = {isa = PBXFileReference; lastKnownFileType = sourcecode.swift; path = LineChart.swift; sourceTree = "<group>"; };
		D0A187D12571A55D00C5BA23 /* LineChartController.swift */ = {isa = PBXFileReference; lastKnownFileType = sourcecode.swift; path = LineChartController.swift; sourceTree = "<group>"; };
		D0A187D9257248D900C5BA23 /* LoginView.swift */ = {isa = PBXFileReference; lastKnownFileType = sourcecode.swift; path = LoginView.swift; sourceTree = "<group>"; };
/* End PBXFileReference section */

/* Begin PBXFrameworksBuildPhase section */
		D0A187B32571939D00C5BA23 /* Frameworks */ = {
			isa = PBXFrameworksBuildPhase;
			buildActionMask = 2147483647;
			files = (
			);
			runOnlyForDeploymentPostprocessing = 0;
		};
/* End PBXFrameworksBuildPhase section */

/* Begin PBXGroup section */
		D0A187AD2571939D00C5BA23 = {
			isa = PBXGroup;
			children = (
				D0A187B82571939D00C5BA23 /* Crypto */,
				D0A187B72571939D00C5BA23 /* Products */,
			);
			sourceTree = "<group>";
		};
		D0A187B72571939D00C5BA23 /* Products */ = {
			isa = PBXGroup;
			children = (
				D0A187B62571939D00C5BA23 /* Crypto.app */,
			);
			name = Products;
			sourceTree = "<group>";
		};
		D0A187B82571939D00C5BA23 /* Crypto */ = {
			isa = PBXGroup;
			children = (
				D0A187B92571939D00C5BA23 /* AppDelegate.swift */,
				D0A187BB2571939D00C5BA23 /* SceneDelegate.swift */,
				D0A187CE2571A45F00C5BA23 /* LineChart.swift */,
				D0A187D9257248D900C5BA23 /* LoginView.swift */,
				D0A187D12571A55D00C5BA23 /* LineChartController.swift */,
				D0A187BD2571939D00C5BA23 /* ContentView.swift */,
				D0A187BF2571939E00C5BA23 /* Assets.xcassets */,
				D0A187C42571939E00C5BA23 /* LaunchScreen.storyboard */,
				D0A187C72571939E00C5BA23 /* Info.plist */,
				D0A187C12571939E00C5BA23 /* Preview Content */,
			);
			path = Crypto;
			sourceTree = "<group>";
		};
		D0A187C12571939E00C5BA23 /* Preview Content */ = {
			isa = PBXGroup;
			children = (
				D0A187C22571939E00C5BA23 /* Preview Assets.xcassets */,
			);
			path = "Preview Content";
			sourceTree = "<group>";
		};
/* End PBXGroup section */

/* Begin PBXNativeTarget section */
		D0A187B52571939D00C5BA23 /* Crypto */ = {
			isa = PBXNativeTarget;
			buildConfigurationList = D0A187CA2571939E00C5BA23 /* Build configuration list for PBXNativeTarget "Crypto" */;
			buildPhases = (
				D0A187B22571939D00C5BA23 /* Sources */,
				D0A187B32571939D00C5BA23 /* Frameworks */,
				D0A187B42571939D00C5BA23 /* Resources */,
			);
			buildRules = (
			);
			dependencies = (
			);
			name = Crypto;
			productName = Crypto;
			productReference = D0A187B62571939D00C5BA23 /* Crypto.app */;
			productType = "com.apple.product-type.application";
		};
/* End PBXNativeTarget section */

/* Begin PBXProject section */
		D0A187AE2571939D00C5BA23 /* Project object */ = {
			isa = PBXProject;
			attributes = {
				LastSwiftUpdateCheck = 1220;
				LastUpgradeCheck = 1220;
				TargetAttributes = {
					D0A187B52571939D00C5BA23 = {
						CreatedOnToolsVersion = 12.2;
					};
				};
			};
			buildConfigurationList = D0A187B12571939D00C5BA23 /* Build configuration list for PBXProject "Crypto" */;
			compatibilityVersion = "Xcode 9.3";
			developmentRegion = en;
			hasScannedForEncodings = 0;
			knownRegions = (
				en,
				Base,
			);
			mainGroup = D0A187AD2571939D00C5BA23;
			productRefGroup = D0A187B72571939D00C5BA23 /* Products */;
			projectDirPath = "";
			projectRoot = "";
			targets = (
				D0A187B52571939D00C5BA23 /* Crypto */,
			);
		};
/* End PBXProject section */

/* Begin PBXResourcesBuildPhase section */
		D0A187B42571939D00C5BA23 /* Resources */ = {
			isa = PBXResourcesBuildPhase;
			buildActionMask = 2147483647;
			files = (
				D0A187C62571939E00C5BA23 /* LaunchScreen.storyboard in Resources */,
				D0A187C32571939E00C5BA23 /* Preview Assets.xcassets in Resources */,
				D0A187C02571939E00C5BA23 /* Assets.xcassets in Resources */,
			);
			runOnlyForDeploymentPostprocessing = 0;
		};
/* End PBXResourcesBuildPhase section */

/* Begin PBXSourcesBuildPhase section */
		D0A187B22571939D00C5BA23 /* Sources */ = {
			isa = PBXSourcesBuildPhase;
			buildActionMask = 2147483647;
			files = (
				D0A187DA257248D900C5BA23 /* LoginView.swift in Sources */,
				D0A187CF2571A45F00C5BA23 /* LineChart.swift in Sources */,
				D0A187BA2571939D00C5BA23 /* AppDelegate.swift in Sources */,
				D0A187BC2571939D00C5BA23 /* SceneDelegate.swift in Sources */,
				D0A187BE2571939D00C5BA23 /* ContentView.swift in Sources */,
				D0A187D22571A55D00C5BA23 /* LineChartController.swift in Sources */,
			);
			runOnlyForDeploymentPostprocessing = 0;
		};
/* End PBXSourcesBuildPhase section */

/* Begin PBXVariantGroup section */
		D0A187C42571939E00C5BA23 /* LaunchScreen.storyboard */ = {
			isa = PBXVariantGroup;
			children = (
				D0A187C52571939E00C5BA23 /* Base */,
			);
			name = LaunchScreen.storyboard;
			sourceTree = "<group>";
		};
/* End PBXVariantGroup section */

/* Begin XCBuildConfiguration section */
		D0A187C82571939E00C5BA23 /* Debug */ = {
			isa = XCBuildConfiguration;
			buildSettings = {
				ALWAYS_SEARCH_USER_PATHS = NO;
				CLANG_ANALYZER_NONNULL = YES;
				CLANG_ANALYZER_NUMBER_OBJECT_CONVERSION = YES_AGGRESSIVE;
				CLANG_CXX_LANGUAGE_STANDARD = "gnu++14";
				CLANG_CXX_LIBRARY = "libc++";
				CLANG_ENABLE_MODULES = YES;
				CLANG_ENABLE_OBJC_ARC = YES;
				CLANG_ENABLE_OBJC_WEAK = YES;
				CLANG_WARN_BLOCK_CAPTURE_AUTORELEASING = YES;
				CLANG_WARN_BOOL_CONVERSION = YES;
				CLANG_WARN_COMMA = YES;
				CLANG_WARN_CONSTANT_CONVERSION = YES;
				CLANG_WARN_DEPRECATED_OBJC_IMPLEMENTATIONS = YES;
				CLANG_WARN_DIRECT_OBJC_ISA_USAGE = YES_ERROR;
				CLANG_WARN_DOCUMENTATION_COMMENTS = YES;
				CLANG_WARN_EMPTY_BODY = YES;
				CLANG_WARN_ENUM_CONVERSION = YES;
				CLANG_WARN_INFINITE_RECURSION = YES;
				CLANG_WARN_INT_CONVERSION = YES;
				CLANG_WARN_NON_LITERAL_NULL_CONVERSION = YES;
				CLANG_WARN_OBJC_IMPLICIT_RETAIN_SELF = YES;
				CLANG_WARN_OBJC_LITERAL_CONVERSION = YES;
				CLANG_WARN_OBJC_ROOT_CLASS = YES_ERROR;
				CLANG_WARN_QUOTED_INCLUDE_IN_FRAMEWORK_HEADER = YES;
				CLANG_WARN_RANGE_LOOP_ANALYSIS = YES;
				CLANG_WARN_STRICT_PROTOTYPES = YES;
				CLANG_WARN_SUSPICIOUS_MOVE = YES;
				CLANG_WARN_UNGUARDED_AVAILABILITY = YES_AGGRESSIVE;
				CLANG_WARN_UNREACHABLE_CODE = YES;
				CLANG_WARN__DUPLICATE_METHOD_MATCH = YES;
				COPY_PHASE_STRIP = NO;
				DEBUG_INFORMATION_FORMAT = dwarf;
				ENABLE_STRICT_OBJC_MSGSEND = YES;
				ENABLE_TESTABILITY = YES;
				GCC_C_LANGUAGE_STANDARD = gnu11;
				GCC_DYNAMIC_NO_PIC = NO;
				GCC_NO_COMMON_BLOCKS = YES;
				GCC_OPTIMIZATION_LEVEL = 0;
				GCC_PREPROCESSOR_DEFINITIONS = (
					"DEBUG=1",
					"$(inherited)",
				);
				GCC_WARN_64_TO_32_BIT_CONVERSION = YES;
				GCC_WARN_ABOUT_RETURN_TYPE = YES_ERROR;
				GCC_WARN_UNDECLARED_SELECTOR = YES;
				GCC_WARN_UNINITIALIZED_AUTOS = YES_AGGRESSIVE;
				GCC_WARN_UNUSED_FUNCTION = YES;
				GCC_WARN_UNUSED_VARIABLE = YES;
				IPHONEOS_DEPLOYMENT_TARGET = 14.2;
				MTL_ENABLE_DEBUG_INFO = INCLUDE_SOURCE;
				MTL_FAST_MATH = YES;
				ONLY_ACTIVE_ARCH = YES;
				SDKROOT = iphoneos;
				SWIFT_ACTIVE_COMPILATION_CONDITIONS = DEBUG;
				SWIFT_OPTIMIZATION_LEVEL = "-Onone";
			};
			name = Debug;
		};
		D0A187C92571939E00C5BA23 /* Release */ = {
			isa = XCBuildConfiguration;
			buildSettings = {
				ALWAYS_SEARCH_USER_PATHS = NO;
				CLANG_ANALYZER_NONNULL = YES;
				CLANG_ANALYZER_NUMBER_OBJECT_CONVERSION = YES_AGGRESSIVE;
				CLANG_CXX_LANGUAGE_STANDARD = "gnu++14";
				CLANG_CXX_LIBRARY = "libc++";
				CLANG_ENABLE_MODULES = YES;
				CLANG_ENABLE_OBJC_ARC = YES;
				CLANG_ENABLE_OBJC_WEAK = YES;
				CLANG_WARN_BLOCK_CAPTURE_AUTORELEASING = YES;
				CLANG_WARN_BOOL_CONVERSION = YES;
				CLANG_WARN_COMMA = YES;
				CLANG_WARN_CONSTANT_CONVERSION = YES;
				CLANG_WARN_DEPRECATED_OBJC_IMPLEMENTATIONS = YES;
				CLANG_WARN_DIRECT_OBJC_ISA_USAGE = YES_ERROR;
				CLANG_WARN_DOCUMENTATION_COMMENTS = YES;
				CLANG_WARN_EMPTY_BODY = YES;
				CLANG_WARN_ENUM_CONVERSION = YES;
				CLANG_WARN_INFINITE_RECURSION = YES;
				CLANG_WARN_INT_CONVERSION = YES;
				CLANG_WARN_NON_LITERAL_NULL_CONVERSION = YES;
				CLANG_WARN_OBJC_IMPLICIT_RETAIN_SELF = YES;
				CLANG_WARN_OBJC_LITERAL_CONVERSION = YES;
				CLANG_WARN_OBJC_ROOT_CLASS = YES_ERROR;
				CLANG_WARN_QUOTED_INCLUDE_IN_FRAMEWORK_HEADER = YES;
				CLANG_WARN_RANGE_LOOP_ANALYSIS = YES;
				CLANG_WARN_STRICT_PROTOTYPES = YES;
				CLANG_WARN_SUSPICIOUS_MOVE = YES;
				CLANG_WARN_UNGUARDED_AVAILABILITY = YES_AGGRESSIVE;
				CLANG_WARN_UNREACHABLE_CODE = YES;
				CLANG_WARN__DUPLICATE_METHOD_MATCH = YES;
				COPY_PHASE_STRIP = NO;
				DEBUG_INFORMATION_FORMAT = "dwarf-with-dsym";
				ENABLE_NS_ASSERTIONS = NO;
				ENABLE_STRICT_OBJC_MSGSEND = YES;
				GCC_C_LANGUAGE_STANDARD = gnu11;
				GCC_NO_COMMON_BLOCKS = YES;
				GCC_WARN_64_TO_32_BIT_CONVERSION = YES;
				GCC_WARN_ABOUT_RETURN_TYPE = YES_ERROR;
				GCC_WARN_UNDECLARED_SELECTOR = YES;
				GCC_WARN_UNINITIALIZED_AUTOS = YES_AGGRESSIVE;
				GCC_WARN_UNUSED_FUNCTION = YES;
				GCC_WARN_UNUSED_VARIABLE = YES;
				IPHONEOS_DEPLOYMENT_TARGET = 14.2;
				MTL_ENABLE_DEBUG_INFO = NO;
				MTL_FAST_MATH = YES;
				SDKROOT = iphoneos;
				SWIFT_COMPILATION_MODE = wholemodule;
				SWIFT_OPTIMIZATION_LEVEL = "-O";
				VALIDATE_PRODUCT = YES;
			};
			name = Release;
		};
		D0A187CB2571939E00C5BA23 /* Debug */ = {
			isa = XCBuildConfiguration;
			buildSettings = {
				ASSETCATALOG_COMPILER_APPICON_NAME = AppIcon;
				ASSETCATALOG_COMPILER_GLOBAL_ACCENT_COLOR_NAME = AccentColor;
				CODE_SIGN_STYLE = Automatic;
				DEVELOPMENT_ASSET_PATHS = "\"Crypto/Preview Content\"";
				DEVELOPMENT_TEAM = 9ZPBKZ7R98;
				ENABLE_PREVIEWS = YES;
				INFOPLIST_FILE = Crypto/Info.plist;
				LD_RUNPATH_SEARCH_PATHS = (
					"$(inherited)",
					"@executable_path/Frameworks",
				);
				PRODUCT_BUNDLE_IDENTIFIER = FarazHaider88.Crypto;
				PRODUCT_NAME = "$(TARGET_NAME)";
				SWIFT_VERSION = 5.0;
				TARGETED_DEVICE_FAMILY = "1,2";
			};
			name = Debug;
		};
		D0A187CC2571939E00C5BA23 /* Release */ = {
			isa = XCBuildConfiguration;
			buildSettings = {
				ASSETCATALOG_COMPILER_APPICON_NAME = AppIcon;
				ASSETCATALOG_COMPILER_GLOBAL_ACCENT_COLOR_NAME = AccentColor;
				CODE_SIGN_STYLE = Automatic;
				DEVELOPMENT_ASSET_PATHS = "\"Crypto/Preview Content\"";
				DEVELOPMENT_TEAM = 9ZPBKZ7R98;
				ENABLE_PREVIEWS = YES;
				INFOPLIST_FILE = Crypto/Info.plist;
				LD_RUNPATH_SEARCH_PATHS = (
					"$(inherited)",
					"@executable_path/Frameworks",
				);
				PRODUCT_BUNDLE_IDENTIFIER = FarazHaider88.Crypto;
				PRODUCT_NAME = "$(TARGET_NAME)";
				SWIFT_VERSION = 5.0;
				TARGETED_DEVICE_FAMILY = "1,2";
			};
			name = Release;
		};
/* End XCBuildConfiguration section */

/* Begin XCConfigurationList section */
		D0A187B12571939D00C5BA23 /* Build configuration list for PBXProject "Crypto" */ = {
			isa = XCConfigurationList;
			buildConfigurations = (
				D0A187C82571939E00C5BA23 /* Debug */,
				D0A187C92571939E00C5BA23 /* Release */,
			);
			defaultConfigurationIsVisible = 0;
			defaultConfigurationName = Release;
		};
		D0A187CA2571939E00C5BA23 /* Build configuration list for PBXNativeTarget "Crypto" */ = {
			isa = XCConfigurationList;
			buildConfigurations = (
				D0A187CB2571939E00C5BA23 /* Debug */,
				D0A187CC2571939E00C5BA23 /* Release */,
			);
			defaultConfigurationIsVisible = 0;
			defaultConfigurationName = Release;
		};
/* End XCConfigurationList section */
	};
	rootObject = D0A187AE2571939D00C5BA23 /* Project object */;
}
